
Microsoft Visual Studio Solution File, Format Version 12.00
# Visual Studio Version 17
VisualStudioVersion = 17.7.34202.233
MinimumVisualStudioVersion = 10.0.40219.1
Project("{FAE04EC0-301F-11D3-BF4B-00C04F79EFBC}") = "CodePulse.API", "CodePulse.API\CodePulse.API.csproj", "{BEE69426-406C-4360-8FEE-B5F0D5DDF9EA}"
EndProject
Global
	GlobalSection(SolutionConfigurationPlatforms) = preSolution
		Debug|Any CPU = Debug|Any CPU
		Release|Any CPU = Release|Any CPU
	EndGlobalSection
	GlobalSection(ProjectConfigurationPlatforms) = postSolution
		{BEE69426-406C-4360-8FEE-B5F0D5DDF9EA}.Debug|Any CPU.ActiveCfg = Debug|Any CPU
		{BEE69426-406C-4360-8FEE-B5F0D5DDF9EA}.Debug|Any CPU.Build.0 = Debug|Any CPU
		{BEE69426-406C-4360-8FEE-B5F0D5DDF9EA}.Release|Any CPU.ActiveCfg = Release|Any CPU
		{BEE69426-406C-4360-8FEE-B5F0D5DDF9EA}.Release|Any CPU.Build.0 = Release|Any CPU
	EndGlobalSection
	GlobalSection(SolutionProperties) = preSolution
		HideSolutionNode = FALSE
	EndGlobalSection
	GlobalSection(ExtensibilityGlobals) = postSolution
		SolutionGuid = {3296D2EF-C2F7-47EB-BBDF-EBC208D4EBB1}
	EndGlobalSection
EndGlobal
